
#include <iostream>

int main() {
    setlocale(0, ".1251");
    int N;
    std::cout << "Введiть число N: ";
    std::cin >> N;

    int sum_even = 0, sum_odd = 0, sum_total = 0;


    std::cout << "Парнi числа вiд 1 до " << N << ": ";
    for (int i = 1; i <= N; ++i) {
        if (i % 2 == 0) {
            std::cout << i << " ";
            sum_even += i;
        }
        else {
            sum_odd += i;
        }
        sum_total += i;
    }
    std::cout << std::endl;

    // Виведення сум
    std::cout << "Сума парних чисел: " << sum_even << std::endl;
    std::cout << "Сума непарних чисел: " << sum_odd << std::endl;
    std::cout << "Загальна сума всiх чисел: " << sum_total << std::endl;

    double result = static_cast<double>(sum_even + sum_odd + sum_total) / 2;
    std::cout << "Результат: " << result << std::endl;

    return 0;
}

