
#include <iostream>

int main() {
    setlocale(0, ".1251");
    int year1, year2;

    while (true) {
        std::cout << "Введiть перший рiк: ";
        std::cin >> year1;
        std::cout << "Введiть другий рiк: ";
        std::cin >> year2;

        if (year1 > 0 && year2 > 0 && year1 <= year2) {
            break; 
        }
        else {
            std::cout << "Помилка: Введiть правильнi значення. Перший рiк повинен бути меншим або рiвним другому.\n";
        }
    }

    std::cout << "Перший рiк: " << year1 << "\n";
    std::cout << "Другий рiк: " << year2 << "\n";

    int years_passed = 0;
    int count_every_tenth = 0;

    for (int year = year1; year <= year2; ++year) {
        years_passed++;

        if (years_passed > 100) {
            std::cout << "Кiлькiсть рокiв бiльше 100. Вихiд iз циклу.\n";
            break;
        }

        if ((year - year1 + 1) % 10 == 0) {
            count_every_tenth++;
        }
    }

    std::cout << "Кiлькiсть рокiв мiж " << year1 << " та " << year2 << ": " << years_passed << "\n";
    std::cout << "Кiлькiсть кожних десятих рокiв: " << count_every_tenth << "\n";

    return 0;
}

