#include <iostream>

int main() {
    setlocale(0, ".1251");
    int N;

    std::cout << "Введiть число N: ";
    std::cin >> N;

    std::cout << "Простi числа вiд 1 до " << N << ": ";

    for (int num = 2; num <= N; ++num) {
        bool is_prime = true;

        for (int i = 2; i * i <= num; ++i) {
            if (num % i == 0) {
                is_prime = false;
                break;
            }
        }

        if (is_prime) {
            std::cout << num << " ";
        }
    }

    std::cout << std::endl;

    return 0;
}

